# This file is automatically @generated by Cargo.
# It is not intended for manual editing.
version = 4

[[package]]
name = "omacell-ai"
version = "0.0.0"

[[package]]
name = "omacell-bus"
version = "0.0.0"

[[package]]
name = "omacell-cli"
version = "0.0.0"
dependencies = [
 "omacell-core",
]

[[package]]
name = "omacell-conf"
version = "0.0.0"

[[package]]
name = "omacell-core"
version = "0.0.0"

[[package]]
name = "omacell-fn"
version = "0.0.0"

[[package]]
name = "omacell-gui"
version = "0.0.0"

[[package]]
name = "omacell-io"
version = "0.0.0"

[[package]]
name = "omacell-lua"
version = "0.0.0"

[[package]]
name = "omacell-tui"
version = "0.0.0"

[[package]]
name = "omacell-ui"
version = "0.0.0"
